
Microsoft Visual Studio Solution File, Format Version 12.00
# Visual Studio 15
VisualStudioVersion = 15.0.28010.2026
MinimumVisualStudioVersion = 10.0.40219.1
Project("{8BC9CEB8-8B4A-11D0-8D11-00A0C91BC942}") = "micro_core", "micro_core\micro_core.vcxproj", "{DC62F9FC-4354-48A4-A37D-DF0805B8464B}"
EndProject
Global
	GlobalSection(SolutionConfigurationPlatforms) = preSolution
		Debug|x64 = Debug|x64
		Debug|x86 = Debug|x86
		Release|x64 = Release|x64
		Release|x86 = Release|x86
	EndGlobalSection
	GlobalSection(ProjectConfigurationPlatforms) = postSolution
		{DC62F9FC-4354-48A4-A37D-DF0805B8464B}.Debug|x64.ActiveCfg = Debug|x64
		{DC62F9FC-4354-48A4-A37D-DF0805B8464B}.Debug|x64.Build.0 = Debug|x64
		{DC62F9FC-4354-48A4-A37D-DF0805B8464B}.Debug|x86.ActiveCfg = Debug|Win32
		{DC62F9FC-4354-48A4-A37D-DF0805B8464B}.Debug|x86.Build.0 = Debug|Win32
		{DC62F9FC-4354-48A4-A37D-DF0805B8464B}.Release|x64.ActiveCfg = Release|x64
		{DC62F9FC-4354-48A4-A37D-DF0805B8464B}.Release|x64.Build.0 = Release|x64
		{DC62F9FC-4354-48A4-A37D-DF0805B8464B}.Release|x86.ActiveCfg = Release|Win32
		{DC62F9FC-4354-48A4-A37D-DF0805B8464B}.Release|x86.Build.0 = Release|Win32
	EndGlobalSection
	GlobalSection(SolutionProperties) = preSolution
		HideSolutionNode = FALSE
	EndGlobalSection
	GlobalSection(ExtensibilityGlobals) = postSolution
		SolutionGuid = {A8D71901-590D-4948-B67B-7F5B5ECF287D}
	EndGlobalSection
EndGlobal
