<?xml version="1.0" encoding="utf-8"?>
<Project ToolsVersion="4.0" xmlns="http://schemas.microsoft.com/developer/msbuild/2003">
  <ItemGroup>
    <Filter Include="src">
      <UniqueIdentifier>{1ba28e0a-744d-4b6e-99ea-4e8242cd3409}</UniqueIdentifier>
    </Filter>
    <Filter Include="src\module">
      <UniqueIdentifier>{f47cd53d-e0e1-4f66-9c36-3e977b689380}</UniqueIdentifier>
    </Filter>
    <Filter Include="src\timer">
      <UniqueIdentifier>{93e5af00-2fc8-4112-a133-5df6693c4aed}</UniqueIdentifier>
    </Filter>
    <Filter Include="src\common">
      <UniqueIdentifier>{845e9e70-4c4d-44e0-9e58-dbeebcc9e07f}</UniqueIdentifier>
    </Filter>
    <Filter Include="src\logger">
      <UniqueIdentifier>{044bdb83-2dfa-41b4-a01d-7e250a932438}</UniqueIdentifier>
    </Filter>
    <Filter Include="src\thread">
      <UniqueIdentifier>{763a87fa-8a88-432f-bb1a-a73cd5a6fa10}</UniqueIdentifier>
    </Filter>
    <Filter Include="src\message">
      <UniqueIdentifier>{0903bb7e-d3db-47e4-a336-893a1232ec12}</UniqueIdentifier>
    </Filter>
    <Filter Include="src\bus">
      <UniqueIdentifier>{4886a01d-3289-4c6d-8531-1b879f4e0e04}</UniqueIdentifier>
    </Filter>
    <Filter Include="src\io">
      <UniqueIdentifier>{de6f8156-53b7-4f19-a5bf-e96b22f117f8}</UniqueIdentifier>
    </Filter>
    <Filter Include="test">
      <UniqueIdentifier>{c9dbf4de-b54e-4974-98f4-d0d6b1bd91f4}</UniqueIdentifier>
    </Filter>
    <Filter Include="src\io\http">
      <UniqueIdentifier>{af83db96-079d-4765-b78a-a05392fc7a10}</UniqueIdentifier>
    </Filter>
    <Filter Include="src\io\udp">
      <UniqueIdentifier>{5c4df775-b412-4a38-9304-84deb6cfb02f}</UniqueIdentifier>
    </Filter>
    <Filter Include="src\io\tcp">
      <UniqueIdentifier>{5d0e6270-b5ee-4f34-bc2c-00355d5227ec}</UniqueIdentifier>
    </Filter>
  </ItemGroup>
  <ItemGroup>
    <ClInclude Include="..\src\timer\base_timer.hpp">
      <Filter>src\timer</Filter>
    </ClInclude>
    <ClInclude Include="..\src\module\base_module.hpp">
      <Filter>src\module</Filter>
    </ClInclude>
    <ClInclude Include="..\src\common\error.hpp">
      <Filter>src\common</Filter>
    </ClInclude>
    <ClInclude Include="..\src\logger\logger.hpp">
      <Filter>src\logger</Filter>
    </ClInclude>
    <ClInclude Include="..\src\thread\nio_thread_pool.hpp">
      <Filter>src\thread</Filter>
    </ClInclude>
    <ClInclude Include="..\src\timer\timer_generator.hpp">
      <Filter>src\timer</Filter>
    </ClInclude>
    <ClInclude Include="..\src\timer\timer_common.hpp">
      <Filter>src\timer</Filter>
    </ClInclude>
    <ClInclude Include="..\src\timer\timer_functor.hpp">
      <Filter>src\timer</Filter>
    </ClInclude>
    <ClInclude Include="..\src\module\module.hpp">
      <Filter>src\module</Filter>
    </ClInclude>
    <ClInclude Include="..\src\message\message.hpp">
      <Filter>src\message</Filter>
    </ClInclude>
    <ClInclude Include="..\src\timer\timer_message.hpp">
      <Filter>src\timer</Filter>
    </ClInclude>
    <ClInclude Include="..\src\module\session.hpp">
      <Filter>src\module</Filter>
    </ClInclude>
    <ClInclude Include="..\src\timer\timer.hpp">
      <Filter>src\timer</Filter>
    </ClInclude>
    <ClInclude Include="..\src\module\module_func.h">
      <Filter>src\module</Filter>
    </ClInclude>
    <ClInclude Include="..\src\timer\timer_func.h">
      <Filter>src\timer</Filter>
    </ClInclude>
    <ClInclude Include="..\src\bus\message_bus.hpp">
      <Filter>src\bus</Filter>
    </ClInclude>
    <ClInclude Include="..\src\thread\lock.hpp">
      <Filter>src\thread</Filter>
    </ClInclude>
    <ClInclude Include="..\src\bus\func_traits.hpp">
      <Filter>src\bus</Filter>
    </ClInclude>
    <ClInclude Include="..\src\io\channel.hpp">
      <Filter>src\io</Filter>
    </ClInclude>
    <ClInclude Include="..\src\common\common.hpp">
      <Filter>src\common</Filter>
    </ClInclude>
    <ClInclude Include="..\src\io\channel_id_allocator.h">
      <Filter>src\io</Filter>
    </ClInclude>
    <ClInclude Include="..\src\io\context_chain.hpp">
      <Filter>src\io</Filter>
    </ClInclude>
    <ClInclude Include="..\src\common\any_map.hpp">
      <Filter>src\common</Filter>
    </ClInclude>
    <ClInclude Include="..\src\io\io_handler.hpp">
      <Filter>src\io</Filter>
    </ClInclude>
    <ClInclude Include="..\src\io\io_context.hpp">
      <Filter>src\io</Filter>
    </ClInclude>
    <ClInclude Include="..\src\io\head_context.hpp">
      <Filter>src\io</Filter>
    </ClInclude>
    <ClInclude Include="..\src\io\base_context.hpp">
      <Filter>src\io</Filter>
    </ClInclude>
    <ClInclude Include="..\src\io\mask.hpp">
      <Filter>src\io</Filter>
    </ClInclude>
    <ClInclude Include="..\src\io\io_handler_initializer.hpp">
      <Filter>src\io</Filter>
    </ClInclude>
    <ClInclude Include="..\src\io\bootstrap.hpp">
      <Filter>src\io</Filter>
    </ClInclude>
    <ClInclude Include="..\src\io\io_streambuf.hpp">
      <Filter>src\io</Filter>
    </ClInclude>
    <ClInclude Include="..\test\test_udp.h">
      <Filter>test</Filter>
    </ClInclude>
    <ClInclude Include="..\src\thread\uv_thread_pool.hpp">
      <Filter>src\thread</Filter>
    </ClInclude>
    <ClInclude Include="..\src\io\io_macro.hpp">
      <Filter>src\io</Filter>
    </ClInclude>
    <ClInclude Include="..\src\module\multi_thread_module.hpp">
      <Filter>src\module</Filter>
    </ClInclude>
    <ClInclude Include="..\src\module\multi_priority_queue.hpp">
      <Filter>src\module</Filter>
    </ClInclude>
    <ClInclude Include="..\test\test_http.h">
      <Filter>test</Filter>
    </ClInclude>
    <ClInclude Include="..\src\io\http_server.hpp">
      <Filter>src\io\http</Filter>
    </ClInclude>
    <ClInclude Include="..\src\3rd\http_parser\http_parser.h">
      <Filter>src\io\http</Filter>
    </ClInclude>
    <ClInclude Include="..\src\io\http_macro.hpp">
      <Filter>src\io\http</Filter>
    </ClInclude>
    <ClInclude Include="..\src\io\http_client.hpp">
      <Filter>src\io\http</Filter>
    </ClInclude>
    <ClInclude Include="..\src\io\udp_channel.hpp">
      <Filter>src\io\udp</Filter>
    </ClInclude>
    <ClInclude Include="..\src\io\tcp_connector.hpp">
      <Filter>src\io\tcp</Filter>
    </ClInclude>
    <ClInclude Include="..\src\io\tcp_channel.hpp">
      <Filter>src\io\tcp</Filter>
    </ClInclude>
    <ClInclude Include="..\src\io\tcp_acceptor.hpp">
      <Filter>src\io\tcp</Filter>
    </ClInclude>
    <ClInclude Include="..\src\3rd\http_parser\uri.h">
      <Filter>src\io\http</Filter>
    </ClInclude>
  </ItemGroup>
  <ItemGroup>
    <ClCompile Include="..\src\module\module_func.cpp">
      <Filter>src\module</Filter>
    </ClCompile>
    <ClCompile Include="..\src\timer\timer_func.cpp">
      <Filter>src\timer</Filter>
    </ClCompile>
    <ClCompile Include="..\src\io\channel_id_allocator.cpp">
      <Filter>src\io</Filter>
    </ClCompile>
    <ClCompile Include="..\test\main.cpp">
      <Filter>test</Filter>
    </ClCompile>
    <ClCompile Include="..\test\test_udp.cpp">
      <Filter>test</Filter>
    </ClCompile>
    <ClCompile Include="..\src\thread\uv_thread_pool.cpp">
      <Filter>src\thread</Filter>
    </ClCompile>
    <ClCompile Include="..\src\module\multi_thread_module.cpp">
      <Filter>src\module</Filter>
    </ClCompile>
    <ClCompile Include="..\test\test_http.cpp">
      <Filter>test</Filter>
    </ClCompile>
    <ClCompile Include="..\src\3rd\http_parser\http_parser.cpp">
      <Filter>src\io\http</Filter>
    </ClCompile>
    <ClCompile Include="..\src\io\http_macro.cpp">
      <Filter>src\io\http</Filter>
    </ClCompile>
    <ClCompile Include="..\src\io\udp_channel.cpp">
      <Filter>src\io\udp</Filter>
    </ClCompile>
  </ItemGroup>
</Project>